
Microsoft Visual Studio Solution File, Format Version 12.00
# Visual Studio Version 16
VisualStudioVersion = 16.0.30011.22
MinimumVisualStudioVersion = 10.0.40219.1
Project("{FAE04EC0-301F-11D3-BF4B-00C04F79EFBC}") = "jwt", "jwt\jwt.csproj", "{E72A5D41-3D89-4CF2-8E86-AE1FD86A90A2}"
EndProject
Project("{FAE04EC0-301F-11D3-BF4B-00C04F79EFBC}") = "ConsumindoApiJwtToken", "ConsumindoApiJwtToken\ConsumindoApiJwtToken.csproj", "{2B766D47-25C4-495B-9DE1-39E4C693B018}"
EndProject
Global
	GlobalSection(SolutionConfigurationPlatforms) = preSolution
		Debug|Any CPU = Debug|Any CPU
		Release|Any CPU = Release|Any CPU
	EndGlobalSection
	GlobalSection(ProjectConfigurationPlatforms) = postSolution
		{E72A5D41-3D89-4CF2-8E86-AE1FD86A90A2}.Debug|Any CPU.ActiveCfg = Debug|Any CPU
		{E72A5D41-3D89-4CF2-8E86-AE1FD86A90A2}.Debug|Any CPU.Build.0 = Debug|Any CPU
		{E72A5D41-3D89-4CF2-8E86-AE1FD86A90A2}.Release|Any CPU.ActiveCfg = Release|Any CPU
		{E72A5D41-3D89-4CF2-8E86-AE1FD86A90A2}.Release|Any CPU.Build.0 = Release|Any CPU
		{2B766D47-25C4-495B-9DE1-39E4C693B018}.Debug|Any CPU.ActiveCfg = Debug|Any CPU
		{2B766D47-25C4-495B-9DE1-39E4C693B018}.Debug|Any CPU.Build.0 = Debug|Any CPU
		{2B766D47-25C4-495B-9DE1-39E4C693B018}.Release|Any CPU.ActiveCfg = Release|Any CPU
		{2B766D47-25C4-495B-9DE1-39E4C693B018}.Release|Any CPU.Build.0 = Release|Any CPU
	EndGlobalSection
	GlobalSection(SolutionProperties) = preSolution
		HideSolutionNode = FALSE
	EndGlobalSection
	GlobalSection(ExtensibilityGlobals) = postSolution
		SolutionGuid = {03FD8C91-D70F-4656-A942-3C03FF02748C}
	EndGlobalSection
EndGlobal
